{
  "name": "@darkwolf/localizer.cjs",
  "version": "1.0.0",
  "lockfileVersion": 1,
  "requires": true,
  "dependencies": {
    "@darkwolf/custom-error.cjs": {
      "version": "1.0.1",
      "resolved": "https://registry.npmjs.org/@darkwolf/custom-error.cjs/-/custom-error.cjs-1.0.1.tgz",
      "integrity": "sha512-HKwi0ysb44xgb+ySxjP0MTrkVFdHIWA6RRmaX3R9sfEM1cPwGOs5+hu5rvQaEjg0pNw6swa9xTzKrPmgCXnuRA=="
    },
    "@darkwolf/helper.cjs": {
      "version": "1.0.4",
      "resolved": "https://registry.npmjs.org/@darkwolf/helper.cjs/-/helper.cjs-1.0.4.tgz",
      "integrity": "sha512-Vmrqb4nFixyzfGAxctFCkEgIKFG4ctZqFI5JhAPmWMI5hQvHHe/A7+fHuwwC+cslZkQcgi5EjyTeV+YHITnxFQ=="
    }
  }
}
